
Microsoft Visual Studio Solution File, Format Version 12.00
# Visual Studio 14
VisualStudioVersion = 14.0.25420.1
MinimumVisualStudioVersion = 10.0.40219.1
Project("{FAE04EC0-301F-11D3-BF4B-00C04F79EFBC}") = "ct_table_qa_lib", "ct_table_qa_lib\ct_table_qa_lib.csproj", "{07D2FE8F-3749-44F0-BE1C-8131B797CF20}"
EndProject
Project("{FAE04EC0-301F-11D3-BF4B-00C04F79EFBC}") = "ct_table_qa_cmd", "ct_table_qa_cmd\ct_table_qa_cmd.csproj", "{98FA2F40-13CF-4357-81D4-A29923E1D8D6}"
EndProject
Global
	GlobalSection(SolutionConfigurationPlatforms) = preSolution
		Debug|Any CPU = Debug|Any CPU
		Release|Any CPU = Release|Any CPU
	EndGlobalSection
	GlobalSection(ProjectConfigurationPlatforms) = postSolution
		{07D2FE8F-3749-44F0-BE1C-8131B797CF20}.Debug|Any CPU.ActiveCfg = Debug|Any CPU
		{07D2FE8F-3749-44F0-BE1C-8131B797CF20}.Debug|Any CPU.Build.0 = Debug|Any CPU
		{07D2FE8F-3749-44F0-BE1C-8131B797CF20}.Release|Any CPU.ActiveCfg = Release|Any CPU
		{07D2FE8F-3749-44F0-BE1C-8131B797CF20}.Release|Any CPU.Build.0 = Release|Any CPU
		{98FA2F40-13CF-4357-81D4-A29923E1D8D6}.Debug|Any CPU.ActiveCfg = Debug|Any CPU
		{98FA2F40-13CF-4357-81D4-A29923E1D8D6}.Debug|Any CPU.Build.0 = Debug|Any CPU
		{98FA2F40-13CF-4357-81D4-A29923E1D8D6}.Release|Any CPU.ActiveCfg = Release|Any CPU
		{98FA2F40-13CF-4357-81D4-A29923E1D8D6}.Release|Any CPU.Build.0 = Release|Any CPU
	EndGlobalSection
	GlobalSection(SolutionProperties) = preSolution
		HideSolutionNode = FALSE
	EndGlobalSection
EndGlobal
